
Microsoft Visual Studio Solution File, Format Version 12.00
# Visual Studio Version 16
VisualStudioVersion = 16.0.29230.47
MinimumVisualStudioVersion = 10.0.40219.1
Project("{FAE04EC0-301F-11D3-BF4B-00C04F79EFBC}") = "DuplicateFinderMulti", "DuplicateFinderMulti\DuplicateFinderMulti.csproj", "{8AC0906A-5C64-43DC-8463-86ED6207E81B}"
EndProject
Project("{FAE04EC0-301F-11D3-BF4B-00C04F79EFBC}") = "DuplicateFinderMulti.VM", "DuplicateFinderMulti.VM\DuplicateFinderMulti.VM.csproj", "{20431550-13A3-444D-B398-6A13D32CA47C}"
EndProject
Project("{FAE04EC0-301F-11D3-BF4B-00C04F79EFBC}") = "DuplicateFinderMulti.Views", "DuplicateFinderMulti.Views\DuplicateFinderMulti.Views.csproj", "{DCEDE48B-2CED-4D11-9547-62261C20E460}"
EndProject
Project("{54435603-DBB4-11D2-8724-00A0C9A8B90C}") = "DuplicateFinderMultiSetup", "DuplicateFinderMultiSetup\DuplicateFinderMultiSetup.vdproj", "{E8A1F2AB-DEBF-41F6-9D47-BE319E74FD12}"
EndProject
Project("{FAE04EC0-301F-11D3-BF4B-00C04F79EFBC}") = "DuplicateFinderMultiTestingShell", "DuplicateFinderMultiTestingShell\DuplicateFinderMultiTestingShell.csproj", "{D3461DB8-6FCC-4F9E-A93B-78AB0F3AEA16}"
EndProject
Project("{FAE04EC0-301F-11D3-BF4B-00C04F79EFBC}") = "DuplicateFinderMultiKeyGen", "DuplicateFinderMultiKeyGen\DuplicateFinderMultiKeyGen.csproj", "{C0829CF7-35D6-40A3-A985-05263720B869}"
EndProject
Project("{FAE04EC0-301F-11D3-BF4B-00C04F79EFBC}") = "DuplicateFinderMultiCommon", "DuplicateFinderMultiCommon\DuplicateFinderMultiCommon.csproj", "{73855FCF-BA21-4447-AB46-303506516534}"
EndProject
Project("{2150E333-8FDC-42A3-9474-1A3956D46DE8}") = "Solution Items", "Solution Items", "{B55E0193-B28B-4B09-9CC6-8275C9DCE1A9}"
	ProjectSection(SolutionItems) = preProject
		SharedAssemblyInfo.cs = SharedAssemblyInfo.cs
	EndProjectSection
EndProject
Project("{FAE04EC0-301F-11D3-BF4B-00C04F79EFBC}") = "DuplicateFinderMultiTest", "DuplicateFinderMultiTest\DuplicateFinderMultiTest.csproj", "{70907141-7686-4ED2-BBDB-4EF0783AD999}"
EndProject
Project("{FAE04EC0-301F-11D3-BF4B-00C04F79EFBC}") = "HFQOModel", "HFQOModel\HFQOModel.csproj", "{F0EC84C1-2903-4152-BF36-744C51622EE8}"
EndProject
Project("{FAE04EC0-301F-11D3-BF4B-00C04F79EFBC}") = "HFQOApp", "HFQOApp\HFQOApp.csproj", "{91DD9155-5EF8-4FBE-9EA2-DB5044C3586D}"
EndProject
Global
	GlobalSection(SolutionConfigurationPlatforms) = preSolution
		Debug|Any CPU = Debug|Any CPU
		Debug|x86 = Debug|x86
		Release_x86|Any CPU = Release_x86|Any CPU
		Release_x86|x86 = Release_x86|x86
		Release|Any CPU = Release|Any CPU
		Release|x86 = Release|x86
		Release64|Any CPU = Release64|Any CPU
		Release64|x86 = Release64|x86
		UITest|Any CPU = UITest|Any CPU
		UITest|x86 = UITest|x86
	EndGlobalSection
	GlobalSection(ProjectConfigurationPlatforms) = postSolution
		{8AC0906A-5C64-43DC-8463-86ED6207E81B}.Debug|Any CPU.ActiveCfg = Debug|Any CPU
		{8AC0906A-5C64-43DC-8463-86ED6207E81B}.Debug|Any CPU.Build.0 = Debug|Any CPU
		{8AC0906A-5C64-43DC-8463-86ED6207E81B}.Debug|x86.ActiveCfg = Debug|Any CPU
		{8AC0906A-5C64-43DC-8463-86ED6207E81B}.Debug|x86.Build.0 = Debug|Any CPU
		{8AC0906A-5C64-43DC-8463-86ED6207E81B}.Release_x86|Any CPU.ActiveCfg = Release|Any CPU
		{8AC0906A-5C64-43DC-8463-86ED6207E81B}.Release_x86|Any CPU.Build.0 = Release|Any CPU
		{8AC0906A-5C64-43DC-8463-86ED6207E81B}.Release_x86|x86.ActiveCfg = Release|Any CPU
		{8AC0906A-5C64-43DC-8463-86ED6207E81B}.Release_x86|x86.Build.0 = Release|Any CPU
		{8AC0906A-5C64-43DC-8463-86ED6207E81B}.Release|Any CPU.ActiveCfg = Release|Any CPU
		{8AC0906A-5C64-43DC-8463-86ED6207E81B}.Release|Any CPU.Build.0 = Release|Any CPU
		{8AC0906A-5C64-43DC-8463-86ED6207E81B}.Release|x86.ActiveCfg = Release|Any CPU
		{8AC0906A-5C64-43DC-8463-86ED6207E81B}.Release|x86.Build.0 = Release|Any CPU
		{8AC0906A-5C64-43DC-8463-86ED6207E81B}.Release64|Any CPU.ActiveCfg = Release|Any CPU
		{8AC0906A-5C64-43DC-8463-86ED6207E81B}.Release64|Any CPU.Build.0 = Release|Any CPU
		{8AC0906A-5C64-43DC-8463-86ED6207E81B}.Release64|x86.ActiveCfg = Release|Any CPU
		{8AC0906A-5C64-43DC-8463-86ED6207E81B}.Release64|x86.Build.0 = Release|Any CPU
		{8AC0906A-5C64-43DC-8463-86ED6207E81B}.UITest|Any CPU.ActiveCfg = Release|Any CPU
		{8AC0906A-5C64-43DC-8463-86ED6207E81B}.UITest|Any CPU.Build.0 = Release|Any CPU
		{8AC0906A-5C64-43DC-8463-86ED6207E81B}.UITest|x86.ActiveCfg = Release|Any CPU
		{8AC0906A-5C64-43DC-8463-86ED6207E81B}.UITest|x86.Build.0 = Release|Any CPU
		{20431550-13A3-444D-B398-6A13D32CA47C}.Debug|Any CPU.ActiveCfg = Debug|Any CPU
		{20431550-13A3-444D-B398-6A13D32CA47C}.Debug|Any CPU.Build.0 = Debug|Any CPU
		{20431550-13A3-444D-B398-6A13D32CA47C}.Debug|x86.ActiveCfg = Debug|x86
		{20431550-13A3-444D-B398-6A13D32CA47C}.Debug|x86.Build.0 = Debug|x86
		{20431550-13A3-444D-B398-6A13D32CA47C}.Release_x86|Any CPU.ActiveCfg = Release_x86|Any CPU
		{20431550-13A3-444D-B398-6A13D32CA47C}.Release_x86|Any CPU.Build.0 = Release_x86|Any CPU
		{20431550-13A3-444D-B398-6A13D32CA47C}.Release_x86|x86.ActiveCfg = Release_x86|x86
		{20431550-13A3-444D-B398-6A13D32CA47C}.Release_x86|x86.Build.0 = Release_x86|x86
		{20431550-13A3-444D-B398-6A13D32CA47C}.Release|Any CPU.ActiveCfg = Release|Any CPU
		{20431550-13A3-444D-B398-6A13D32CA47C}.Release|Any CPU.Build.0 = Release|Any CPU
		{20431550-13A3-444D-B398-6A13D32CA47C}.Release|x86.ActiveCfg = Release|x86
		{20431550-13A3-444D-B398-6A13D32CA47C}.Release|x86.Build.0 = Release|x86
		{20431550-13A3-444D-B398-6A13D32CA47C}.Release64|Any CPU.ActiveCfg = Release|Any CPU
		{20431550-13A3-444D-B398-6A13D32CA47C}.Release64|Any CPU.Build.0 = Release|Any CPU
		{20431550-13A3-444D-B398-6A13D32CA47C}.Release64|x86.ActiveCfg = Release|x86
		{20431550-13A3-444D-B398-6A13D32CA47C}.Release64|x86.Build.0 = Release|x86
		{20431550-13A3-444D-B398-6A13D32CA47C}.UITest|Any CPU.ActiveCfg = UITest|Any CPU
		{20431550-13A3-444D-B398-6A13D32CA47C}.UITest|Any CPU.Build.0 = UITest|Any CPU
		{20431550-13A3-444D-B398-6A13D32CA47C}.UITest|x86.ActiveCfg = UITest|x86
		{20431550-13A3-444D-B398-6A13D32CA47C}.UITest|x86.Build.0 = UITest|x86
		{DCEDE48B-2CED-4D11-9547-62261C20E460}.Debug|Any CPU.ActiveCfg = Debug|Any CPU
		{DCEDE48B-2CED-4D11-9547-62261C20E460}.Debug|Any CPU.Build.0 = Debug|Any CPU
		{DCEDE48B-2CED-4D11-9547-62261C20E460}.Debug|x86.ActiveCfg = Debug|x86
		{DCEDE48B-2CED-4D11-9547-62261C20E460}.Debug|x86.Build.0 = Debug|x86
		{DCEDE48B-2CED-4D11-9547-62261C20E460}.Release_x86|Any CPU.ActiveCfg = Release_x86|Any CPU
		{DCEDE48B-2CED-4D11-9547-62261C20E460}.Release_x86|Any CPU.Build.0 = Release_x86|Any CPU
		{DCEDE48B-2CED-4D11-9547-62261C20E460}.Release_x86|x86.ActiveCfg = Release_x86|x86
		{DCEDE48B-2CED-4D11-9547-62261C20E460}.Release_x86|x86.Build.0 = Release_x86|x86
		{DCEDE48B-2CED-4D11-9547-62261C20E460}.Release|Any CPU.ActiveCfg = Release|Any CPU
		{DCEDE48B-2CED-4D11-9547-62261C20E460}.Release|Any CPU.Build.0 = Release|Any CPU
		{DCEDE48B-2CED-4D11-9547-62261C20E460}.Release|x86.ActiveCfg = Release|x86
		{DCEDE48B-2CED-4D11-9547-62261C20E460}.Release|x86.Build.0 = Release|x86
		{DCEDE48B-2CED-4D11-9547-62261C20E460}.Release64|Any CPU.ActiveCfg = Release|Any CPU
		{DCEDE48B-2CED-4D11-9547-62261C20E460}.Release64|Any CPU.Build.0 = Release|Any CPU
		{DCEDE48B-2CED-4D11-9547-62261C20E460}.Release64|x86.ActiveCfg = Release|x86
		{DCEDE48B-2CED-4D11-9547-62261C20E460}.Release64|x86.Build.0 = Release|x86
		{DCEDE48B-2CED-4D11-9547-62261C20E460}.UITest|Any CPU.ActiveCfg = UITest|Any CPU
		{DCEDE48B-2CED-4D11-9547-62261C20E460}.UITest|Any CPU.Build.0 = UITest|Any CPU
		{DCEDE48B-2CED-4D11-9547-62261C20E460}.UITest|x86.ActiveCfg = UITest|x86
		{DCEDE48B-2CED-4D11-9547-62261C20E460}.UITest|x86.Build.0 = UITest|x86
		{E8A1F2AB-DEBF-41F6-9D47-BE319E74FD12}.Debug|Any CPU.ActiveCfg = Debug
		{E8A1F2AB-DEBF-41F6-9D47-BE319E74FD12}.Debug|x86.ActiveCfg = Debug
		{E8A1F2AB-DEBF-41F6-9D47-BE319E74FD12}.Debug|x86.Build.0 = Debug
		{E8A1F2AB-DEBF-41F6-9D47-BE319E74FD12}.Release_x86|Any CPU.ActiveCfg = Release_x86
		{E8A1F2AB-DEBF-41F6-9D47-BE319E74FD12}.Release_x86|Any CPU.Build.0 = Release_x86
		{E8A1F2AB-DEBF-41F6-9D47-BE319E74FD12}.Release_x86|x86.ActiveCfg = Release_x86
		{E8A1F2AB-DEBF-41F6-9D47-BE319E74FD12}.Release_x86|x86.Build.0 = Release_x86
		{E8A1F2AB-DEBF-41F6-9D47-BE319E74FD12}.Release|Any CPU.ActiveCfg = Release
		{E8A1F2AB-DEBF-41F6-9D47-BE319E74FD12}.Release|Any CPU.Build.0 = Release
		{E8A1F2AB-DEBF-41F6-9D47-BE319E74FD12}.Release|x86.ActiveCfg = Release
		{E8A1F2AB-DEBF-41F6-9D47-BE319E74FD12}.Release|x86.Build.0 = Release
		{E8A1F2AB-DEBF-41F6-9D47-BE319E74FD12}.Release64|Any CPU.ActiveCfg = Release
		{E8A1F2AB-DEBF-41F6-9D47-BE319E74FD12}.Release64|Any CPU.Build.0 = Release
		{E8A1F2AB-DEBF-41F6-9D47-BE319E74FD12}.Release64|x86.ActiveCfg = Release
		{E8A1F2AB-DEBF-41F6-9D47-BE319E74FD12}.Release64|x86.Build.0 = Release
		{E8A1F2AB-DEBF-41F6-9D47-BE319E74FD12}.UITest|Any CPU.ActiveCfg = UITest
		{E8A1F2AB-DEBF-41F6-9D47-BE319E74FD12}.UITest|Any CPU.Build.0 = UITest
		{E8A1F2AB-DEBF-41F6-9D47-BE319E74FD12}.UITest|x86.ActiveCfg = UITest
		{E8A1F2AB-DEBF-41F6-9D47-BE319E74FD12}.UITest|x86.Build.0 = UITest
		{D3461DB8-6FCC-4F9E-A93B-78AB0F3AEA16}.Debug|Any CPU.ActiveCfg = Debug|Any CPU
		{D3461DB8-6FCC-4F9E-A93B-78AB0F3AEA16}.Debug|Any CPU.Build.0 = Debug|Any CPU
		{D3461DB8-6FCC-4F9E-A93B-78AB0F3AEA16}.Debug|x86.ActiveCfg = Debug|Any CPU
		{D3461DB8-6FCC-4F9E-A93B-78AB0F3AEA16}.Debug|x86.Build.0 = Debug|Any CPU
		{D3461DB8-6FCC-4F9E-A93B-78AB0F3AEA16}.Release_x86|Any CPU.ActiveCfg = Release|Any CPU
		{D3461DB8-6FCC-4F9E-A93B-78AB0F3AEA16}.Release_x86|Any CPU.Build.0 = Release|Any CPU
		{D3461DB8-6FCC-4F9E-A93B-78AB0F3AEA16}.Release_x86|x86.ActiveCfg = Release|Any CPU
		{D3461DB8-6FCC-4F9E-A93B-78AB0F3AEA16}.Release_x86|x86.Build.0 = Release|Any CPU
		{D3461DB8-6FCC-4F9E-A93B-78AB0F3AEA16}.Release|Any CPU.ActiveCfg = Release|Any CPU
		{D3461DB8-6FCC-4F9E-A93B-78AB0F3AEA16}.Release|Any CPU.Build.0 = Release|Any CPU
		{D3461DB8-6FCC-4F9E-A93B-78AB0F3AEA16}.Release|x86.ActiveCfg = Release|Any CPU
		{D3461DB8-6FCC-4F9E-A93B-78AB0F3AEA16}.Release|x86.Build.0 = Release|Any CPU
		{D3461DB8-6FCC-4F9E-A93B-78AB0F3AEA16}.Release64|Any CPU.ActiveCfg = Release|Any CPU
		{D3461DB8-6FCC-4F9E-A93B-78AB0F3AEA16}.Release64|Any CPU.Build.0 = Release|Any CPU
		{D3461DB8-6FCC-4F9E-A93B-78AB0F3AEA16}.Release64|x86.ActiveCfg = Release|Any CPU
		{D3461DB8-6FCC-4F9E-A93B-78AB0F3AEA16}.Release64|x86.Build.0 = Release|Any CPU
		{D3461DB8-6FCC-4F9E-A93B-78AB0F3AEA16}.UITest|Any CPU.ActiveCfg = Release|Any CPU
		{D3461DB8-6FCC-4F9E-A93B-78AB0F3AEA16}.UITest|Any CPU.Build.0 = Release|Any CPU
		{D3461DB8-6FCC-4F9E-A93B-78AB0F3AEA16}.UITest|x86.ActiveCfg = Release|Any CPU
		{D3461DB8-6FCC-4F9E-A93B-78AB0F3AEA16}.UITest|x86.Build.0 = Release|Any CPU
		{C0829CF7-35D6-40A3-A985-05263720B869}.Debug|Any CPU.ActiveCfg = Debug|Any CPU
		{C0829CF7-35D6-40A3-A985-05263720B869}.Debug|Any CPU.Build.0 = Debug|Any CPU
		{C0829CF7-35D6-40A3-A985-05263720B869}.Debug|x86.ActiveCfg = Debug|Any CPU
		{C0829CF7-35D6-40A3-A985-05263720B869}.Debug|x86.Build.0 = Debug|Any CPU
		{C0829CF7-35D6-40A3-A985-05263720B869}.Release_x86|Any CPU.ActiveCfg = Release|Any CPU
		{C0829CF7-35D6-40A3-A985-05263720B869}.Release_x86|Any CPU.Build.0 = Release|Any CPU
		{C0829CF7-35D6-40A3-A985-05263720B869}.Release_x86|x86.ActiveCfg = Release|Any CPU
		{C0829CF7-35D6-40A3-A985-05263720B869}.Release_x86|x86.Build.0 = Release|Any CPU
		{C0829CF7-35D6-40A3-A985-05263720B869}.Release|Any CPU.ActiveCfg = Release|Any CPU
		{C0829CF7-35D6-40A3-A985-05263720B869}.Release|Any CPU.Build.0 = Release|Any CPU
		{C0829CF7-35D6-40A3-A985-05263720B869}.Release|x86.ActiveCfg = Release|Any CPU
		{C0829CF7-35D6-40A3-A985-05263720B869}.Release|x86.Build.0 = Release|Any CPU
		{C0829CF7-35D6-40A3-A985-05263720B869}.Release64|Any CPU.ActiveCfg = Release|Any CPU
		{C0829CF7-35D6-40A3-A985-05263720B869}.Release64|Any CPU.Build.0 = Release|Any CPU
		{C0829CF7-35D6-40A3-A985-05263720B869}.Release64|x86.ActiveCfg = Release|Any CPU
		{C0829CF7-35D6-40A3-A985-05263720B869}.Release64|x86.Build.0 = Release|Any CPU
		{C0829CF7-35D6-40A3-A985-05263720B869}.UITest|Any CPU.ActiveCfg = Release|Any CPU
		{C0829CF7-35D6-40A3-A985-05263720B869}.UITest|Any CPU.Build.0 = Release|Any CPU
		{C0829CF7-35D6-40A3-A985-05263720B869}.UITest|x86.ActiveCfg = Release|Any CPU
		{C0829CF7-35D6-40A3-A985-05263720B869}.UITest|x86.Build.0 = Release|Any CPU
		{73855FCF-BA21-4447-AB46-303506516534}.Debug|Any CPU.ActiveCfg = Debug|Any CPU
		{73855FCF-BA21-4447-AB46-303506516534}.Debug|Any CPU.Build.0 = Debug|Any CPU
		{73855FCF-BA21-4447-AB46-303506516534}.Debug|x86.ActiveCfg = Debug|Any CPU
		{73855FCF-BA21-4447-AB46-303506516534}.Debug|x86.Build.0 = Debug|Any CPU
		{73855FCF-BA21-4447-AB46-303506516534}.Release_x86|Any CPU.ActiveCfg = Release|Any CPU
		{73855FCF-BA21-4447-AB46-303506516534}.Release_x86|Any CPU.Build.0 = Release|Any CPU
		{73855FCF-BA21-4447-AB46-303506516534}.Release_x86|x86.ActiveCfg = Release|Any CPU
		{73855FCF-BA21-4447-AB46-303506516534}.Release_x86|x86.Build.0 = Release|Any CPU
		{73855FCF-BA21-4447-AB46-303506516534}.Release|Any CPU.ActiveCfg = Release|Any CPU
		{73855FCF-BA21-4447-AB46-303506516534}.Release|Any CPU.Build.0 = Release|Any CPU
		{73855FCF-BA21-4447-AB46-303506516534}.Release|x86.ActiveCfg = Release|Any CPU
		{73855FCF-BA21-4447-AB46-303506516534}.Release|x86.Build.0 = Release|Any CPU
		{73855FCF-BA21-4447-AB46-303506516534}.Release64|Any CPU.ActiveCfg = Release|Any CPU
		{73855FCF-BA21-4447-AB46-303506516534}.Release64|Any CPU.Build.0 = Release|Any CPU
		{73855FCF-BA21-4447-AB46-303506516534}.Release64|x86.ActiveCfg = Release|Any CPU
		{73855FCF-BA21-4447-AB46-303506516534}.Release64|x86.Build.0 = Release|Any CPU
		{73855FCF-BA21-4447-AB46-303506516534}.UITest|Any CPU.ActiveCfg = Release|Any CPU
		{73855FCF-BA21-4447-AB46-303506516534}.UITest|Any CPU.Build.0 = Release|Any CPU
		{73855FCF-BA21-4447-AB46-303506516534}.UITest|x86.ActiveCfg = Release|Any CPU
		{73855FCF-BA21-4447-AB46-303506516534}.UITest|x86.Build.0 = Release|Any CPU
		{70907141-7686-4ED2-BBDB-4EF0783AD999}.Debug|Any CPU.ActiveCfg = Debug|Any CPU
		{70907141-7686-4ED2-BBDB-4EF0783AD999}.Debug|Any CPU.Build.0 = Debug|Any CPU
		{70907141-7686-4ED2-BBDB-4EF0783AD999}.Debug|x86.ActiveCfg = Debug|Any CPU
		{70907141-7686-4ED2-BBDB-4EF0783AD999}.Debug|x86.Build.0 = Debug|Any CPU
		{70907141-7686-4ED2-BBDB-4EF0783AD999}.Release_x86|Any CPU.ActiveCfg = Release|Any CPU
		{70907141-7686-4ED2-BBDB-4EF0783AD999}.Release_x86|Any CPU.Build.0 = Release|Any CPU
		{70907141-7686-4ED2-BBDB-4EF0783AD999}.Release_x86|x86.ActiveCfg = Release|Any CPU
		{70907141-7686-4ED2-BBDB-4EF0783AD999}.Release_x86|x86.Build.0 = Release|Any CPU
		{70907141-7686-4ED2-BBDB-4EF0783AD999}.Release|Any CPU.ActiveCfg = Release|Any CPU
		{70907141-7686-4ED2-BBDB-4EF0783AD999}.Release|Any CPU.Build.0 = Release|Any CPU
		{70907141-7686-4ED2-BBDB-4EF0783AD999}.Release|x86.ActiveCfg = Release|Any CPU
		{70907141-7686-4ED2-BBDB-4EF0783AD999}.Release|x86.Build.0 = Release|Any CPU
		{70907141-7686-4ED2-BBDB-4EF0783AD999}.Release64|Any CPU.ActiveCfg = Release|Any CPU
		{70907141-7686-4ED2-BBDB-4EF0783AD999}.Release64|Any CPU.Build.0 = Release|Any CPU
		{70907141-7686-4ED2-BBDB-4EF0783AD999}.Release64|x86.ActiveCfg = Release|Any CPU
		{70907141-7686-4ED2-BBDB-4EF0783AD999}.Release64|x86.Build.0 = Release|Any CPU
		{70907141-7686-4ED2-BBDB-4EF0783AD999}.UITest|Any CPU.ActiveCfg = Release|Any CPU
		{70907141-7686-4ED2-BBDB-4EF0783AD999}.UITest|Any CPU.Build.0 = Release|Any CPU
		{70907141-7686-4ED2-BBDB-4EF0783AD999}.UITest|x86.ActiveCfg = Release|Any CPU
		{70907141-7686-4ED2-BBDB-4EF0783AD999}.UITest|x86.Build.0 = Release|Any CPU
		{F0EC84C1-2903-4152-BF36-744C51622EE8}.Debug|Any CPU.ActiveCfg = Debug|Any CPU
		{F0EC84C1-2903-4152-BF36-744C51622EE8}.Debug|Any CPU.Build.0 = Debug|Any CPU
		{F0EC84C1-2903-4152-BF36-744C51622EE8}.Debug|x86.ActiveCfg = Debug|Any CPU
		{F0EC84C1-2903-4152-BF36-744C51622EE8}.Debug|x86.Build.0 = Debug|Any CPU
		{F0EC84C1-2903-4152-BF36-744C51622EE8}.Release_x86|Any CPU.ActiveCfg = Release64|Any CPU
		{F0EC84C1-2903-4152-BF36-744C51622EE8}.Release_x86|Any CPU.Build.0 = Release64|Any CPU
		{F0EC84C1-2903-4152-BF36-744C51622EE8}.Release_x86|x86.ActiveCfg = Release64|Any CPU
		{F0EC84C1-2903-4152-BF36-744C51622EE8}.Release_x86|x86.Build.0 = Release64|Any CPU
		{F0EC84C1-2903-4152-BF36-744C51622EE8}.Release|Any CPU.ActiveCfg = Release|Any CPU
		{F0EC84C1-2903-4152-BF36-744C51622EE8}.Release|Any CPU.Build.0 = Release|Any CPU
		{F0EC84C1-2903-4152-BF36-744C51622EE8}.Release|x86.ActiveCfg = Release|Any CPU
		{F0EC84C1-2903-4152-BF36-744C51622EE8}.Release|x86.Build.0 = Release|Any CPU
		{F0EC84C1-2903-4152-BF36-744C51622EE8}.Release64|Any CPU.ActiveCfg = Release64|Any CPU
		{F0EC84C1-2903-4152-BF36-744C51622EE8}.Release64|Any CPU.Build.0 = Release64|Any CPU
		{F0EC84C1-2903-4152-BF36-744C51622EE8}.Release64|x86.ActiveCfg = Release64|Any CPU
		{F0EC84C1-2903-4152-BF36-744C51622EE8}.Release64|x86.Build.0 = Release64|Any CPU
		{F0EC84C1-2903-4152-BF36-744C51622EE8}.UITest|Any CPU.ActiveCfg = Release64|Any CPU
		{F0EC84C1-2903-4152-BF36-744C51622EE8}.UITest|Any CPU.Build.0 = Release64|Any CPU
		{F0EC84C1-2903-4152-BF36-744C51622EE8}.UITest|x86.ActiveCfg = Release64|Any CPU
		{F0EC84C1-2903-4152-BF36-744C51622EE8}.UITest|x86.Build.0 = Release64|Any CPU
		{91DD9155-5EF8-4FBE-9EA2-DB5044C3586D}.Debug|Any CPU.ActiveCfg = Debug|Any CPU
		{91DD9155-5EF8-4FBE-9EA2-DB5044C3586D}.Debug|Any CPU.Build.0 = Debug|Any CPU
		{91DD9155-5EF8-4FBE-9EA2-DB5044C3586D}.Debug|x86.ActiveCfg = Debug|Any CPU
		{91DD9155-5EF8-4FBE-9EA2-DB5044C3586D}.Debug|x86.Build.0 = Debug|Any CPU
		{91DD9155-5EF8-4FBE-9EA2-DB5044C3586D}.Release_x86|Any CPU.ActiveCfg = Release|Any CPU
		{91DD9155-5EF8-4FBE-9EA2-DB5044C3586D}.Release_x86|Any CPU.Build.0 = Release|Any CPU
		{91DD9155-5EF8-4FBE-9EA2-DB5044C3586D}.Release_x86|x86.ActiveCfg = Release|Any CPU
		{91DD9155-5EF8-4FBE-9EA2-DB5044C3586D}.Release_x86|x86.Build.0 = Release|Any CPU
		{91DD9155-5EF8-4FBE-9EA2-DB5044C3586D}.Release|Any CPU.ActiveCfg = Release|Any CPU
		{91DD9155-5EF8-4FBE-9EA2-DB5044C3586D}.Release|Any CPU.Build.0 = Release|Any CPU
		{91DD9155-5EF8-4FBE-9EA2-DB5044C3586D}.Release|x86.ActiveCfg = Release|Any CPU
		{91DD9155-5EF8-4FBE-9EA2-DB5044C3586D}.Release|x86.Build.0 = Release|Any CPU
		{91DD9155-5EF8-4FBE-9EA2-DB5044C3586D}.Release64|Any CPU.ActiveCfg = Release|Any CPU
		{91DD9155-5EF8-4FBE-9EA2-DB5044C3586D}.Release64|Any CPU.Build.0 = Release|Any CPU
		{91DD9155-5EF8-4FBE-9EA2-DB5044C3586D}.Release64|x86.ActiveCfg = Release|Any CPU
		{91DD9155-5EF8-4FBE-9EA2-DB5044C3586D}.Release64|x86.Build.0 = Release|Any CPU
		{91DD9155-5EF8-4FBE-9EA2-DB5044C3586D}.UITest|Any CPU.ActiveCfg = Release|Any CPU
		{91DD9155-5EF8-4FBE-9EA2-DB5044C3586D}.UITest|Any CPU.Build.0 = Release|Any CPU
		{91DD9155-5EF8-4FBE-9EA2-DB5044C3586D}.UITest|x86.ActiveCfg = Release|Any CPU
		{91DD9155-5EF8-4FBE-9EA2-DB5044C3586D}.UITest|x86.Build.0 = Release|Any CPU
	EndGlobalSection
	GlobalSection(SolutionProperties) = preSolution
		HideSolutionNode = FALSE
	EndGlobalSection
	GlobalSection(ExtensibilityGlobals) = postSolution
		SolutionGuid = {013A6080-47DD-4BEC-A7AD-1A2D69AE1404}
	EndGlobalSection
EndGlobal
